// !$*UTF8*$!
{
	archiveVersion = 1;
	classes = {
	};
	objectVersion = 55;
	objects = {

/* Begin PBXBuildFile section */
		A458AA8D28173C3E00618405 /* ChooseExercisesButton.swift in Sources */ = {isa = PBXBuildFile; fileRef = A458AA8C28173C3E00618405 /* ChooseExercisesButton.swift */; };
		A498B3C02815F75D00038BE9 /* Exercise.swift in Sources */ = {isa = PBXBuildFile; fileRef = A498B3BF2815F75D00038BE9 /* Exercise.swift */; };
		A498B3C22815FB1700038BE9 /* Exercises.swift in Sources */ = {isa = PBXBuildFile; fileRef = A498B3C12815FB1700038BE9 /* Exercises.swift */; };
		A498B3C42816010A00038BE9 /* NotPressedButtonView.swift in Sources */ = {isa = PBXBuildFile; fileRef = A498B3C32816010A00038BE9 /* NotPressedButtonView.swift */; };
		A498B3C7281603C200038BE9 /* PressedButtonView.swift in Sources */ = {isa = PBXBuildFile; fileRef = A498B3C6281603C200038BE9 /* PressedButtonView.swift */; };
		A498B3C92816066E00038BE9 /* CustomButtonStyles.swift in Sources */ = {isa = PBXBuildFile; fileRef = A498B3C82816066E00038BE9 /* CustomButtonStyles.swift */; };
		A4DE42D02816E5A700F4D4DC /* ChooseExercisesGroupView.swift in Sources */ = {isa = PBXBuildFile; fileRef = A4DE42CF2816E5A700F4D4DC /* ChooseExercisesGroupView.swift */; };
		A4E9374B27FE3BA0004A3650 /* NeumorphTestApp.swift in Sources */ = {isa = PBXBuildFile; fileRef = A4E9374A27FE3BA0004A3650 /* NeumorphTestApp.swift */; };
		A4E9374D27FE3BA0004A3650 /* ContentView.swift in Sources */ = {isa = PBXBuildFile; fileRef = A4E9374C27FE3BA0004A3650 /* ContentView.swift */; };
		A4E9374F27FE3BA1004A3650 /* Assets.xcassets in Resources */ = {isa = PBXBuildFile; fileRef = A4E9374E27FE3BA1004A3650 /* Assets.xcassets */; };
		A4E9375227FE3BA1004A3650 /* Preview Assets.xcassets in Resources */ = {isa = PBXBuildFile; fileRef = A4E9375127FE3BA1004A3650 /* Preview Assets.xcassets */; };
		A4F2F657280CAE7B00061441 /* ExerciseButton.swift in Sources */ = {isa = PBXBuildFile; fileRef = A4F2F656280CAE7B00061441 /* ExerciseButton.swift */; };
/* End PBXBuildFile section */

/* Begin PBXFileReference section */
		A458AA8C28173C3E00618405 /* ChooseExercisesButton.swift */ = {isa = PBXFileReference; lastKnownFileType = sourcecode.swift; path = ChooseExercisesButton.swift; sourceTree = "<group>"; };
		A498B3BF2815F75D00038BE9 /* Exercise.swift */ = {isa = PBXFileReference; lastKnownFileType = sourcecode.swift; path = Exercise.swift; sourceTree = "<group>"; };
		A498B3C12815FB1700038BE9 /* Exercises.swift */ = {isa = PBXFileReference; lastKnownFileType = sourcecode.swift; path = Exercises.swift; sourceTree = "<group>"; };
		A498B3C32816010A00038BE9 /* NotPressedButtonView.swift */ = {isa = PBXFileReference; lastKnownFileType = sourcecode.swift; path = NotPressedButtonView.swift; sourceTree = "<group>"; };
		A498B3C6281603C200038BE9 /* PressedButtonView.swift */ = {isa = PBXFileReference; lastKnownFileType = sourcecode.swift; path = PressedButtonView.swift; sourceTree = "<group>"; };
		A498B3C82816066E00038BE9 /* CustomButtonStyles.swift */ = {isa = PBXFileReference; lastKnownFileType = sourcecode.swift; path = CustomButtonStyles.swift; sourceTree = "<group>"; };
		A4DE42CF2816E5A700F4D4DC /* ChooseExercisesGroupView.swift */ = {isa = PBXFileReference; lastKnownFileType = sourcecode.swift; path = ChooseExercisesGroupView.swift; sourceTree = "<group>"; };
		A4E9374727FE3BA0004A3650 /* NeumorphTest.app */ = {isa = PBXFileReference; explicitFileType = wrapper.application; includeInIndex = 0; path = NeumorphTest.app; sourceTree = BUILT_PRODUCTS_DIR; };
		A4E9374A27FE3BA0004A3650 /* NeumorphTestApp.swift */ = {isa = PBXFileReference; lastKnownFileType = sourcecode.swift; path = NeumorphTestApp.swift; sourceTree = "<group>"; };
		A4E9374C27FE3BA0004A3650 /* ContentView.swift */ = {isa = PBXFileReference; lastKnownFileType = sourcecode.swift; path = ContentView.swift; sourceTree = "<group>"; };
		A4E9374E27FE3BA1004A3650 /* Assets.xcassets */ = {isa = PBXFileReference; lastKnownFileType = folder.assetcatalog; path = Assets.xcassets; sourceTree = "<group>"; };
		A4E9375127FE3BA1004A3650 /* Preview Assets.xcassets */ = {isa = PBXFileReference; lastKnownFileType = folder.assetcatalog; path = "Preview Assets.xcassets"; sourceTree = "<group>"; };
		A4F2F656280CAE7B00061441 /* ExerciseButton.swift */ = {isa = PBXFileReference; lastKnownFileType = sourcecode.swift; path = ExerciseButton.swift; sourceTree = "<group>"; };
/* End PBXFileReference section */

/* Begin PBXFrameworksBuildPhase section */
		A4E9374427FE3BA0004A3650 /* Frameworks */ = {
			isa = PBXFrameworksBuildPhase;
			buildActionMask = 2147483647;
			files = (
			);
			runOnlyForDeploymentPostprocessing = 0;
		};
/* End PBXFrameworksBuildPhase section */

/* Begin PBXGroup section */
		A498B3C52816031F00038BE9 /* Exercise Button View */ = {
			isa = PBXGroup;
			children = (
				A4F2F656280CAE7B00061441 /* ExerciseButton.swift */,
				A498B3C32816010A00038BE9 /* NotPressedButtonView.swift */,
				A498B3C6281603C200038BE9 /* PressedButtonView.swift */,
			);
			path = "Exercise Button View";
			sourceTree = "<group>";
		};
		A498B3CA2816077300038BE9 /* Models */ = {
			isa = PBXGroup;
			children = (
				A498B3BF2815F75D00038BE9 /* Exercise.swift */,
			);
			path = Models;
			sourceTree = "<group>";
		};
		A4E9373E27FE3BA0004A3650 = {
			isa = PBXGroup;
			children = (
				A4E9374927FE3BA0004A3650 /* NeumorphTest */,
				A4E9374827FE3BA0004A3650 /* Products */,
			);
			sourceTree = "<group>";
		};
		A4E9374827FE3BA0004A3650 /* Products */ = {
			isa = PBXGroup;
			children = (
				A4E9374727FE3BA0004A3650 /* NeumorphTest.app */,
			);
			name = Products;
			sourceTree = "<group>";
		};
		A4E9374927FE3BA0004A3650 /* NeumorphTest */ = {
			isa = PBXGroup;
			children = (
				A4E9374A27FE3BA0004A3650 /* NeumorphTestApp.swift */,
				A4E9374C27FE3BA0004A3650 /* ContentView.swift */,
				A498B3C52816031F00038BE9 /* Exercise Button View */,
				A498B3CA2816077300038BE9 /* Models */,
				A498B3C12815FB1700038BE9 /* Exercises.swift */,
				A4DE42CF2816E5A700F4D4DC /* ChooseExercisesGroupView.swift */,
				A458AA8C28173C3E00618405 /* ChooseExercisesButton.swift */,
				A498B3C82816066E00038BE9 /* CustomButtonStyles.swift */,
				A4E9374E27FE3BA1004A3650 /* Assets.xcassets */,
				A4E9375027FE3BA1004A3650 /* Preview Content */,
			);
			path = NeumorphTest;
			sourceTree = "<group>";
		};
		A4E9375027FE3BA1004A3650 /* Preview Content */ = {
			isa = PBXGroup;
			children = (
				A4E9375127FE3BA1004A3650 /* Preview Assets.xcassets */,
			);
			path = "Preview Content";
			sourceTree = "<group>";
		};
/* End PBXGroup section */

/* Begin PBXNativeTarget section */
		A4E9374627FE3BA0004A3650 /* NeumorphTest */ = {
			isa = PBXNativeTarget;
			buildConfigurationList = A4E9375527FE3BA1004A3650 /* Build configuration list for PBXNativeTarget "NeumorphTest" */;
			buildPhases = (
				A4E9374327FE3BA0004A3650 /* Sources */,
				A4E9374427FE3BA0004A3650 /* Frameworks */,
				A4E9374527FE3BA0004A3650 /* Resources */,
			);
			buildRules = (
			);
			dependencies = (
			);
			name = NeumorphTest;
			productName = NeumorphTest;
			productReference = A4E9374727FE3BA0004A3650 /* NeumorphTest.app */;
			productType = "com.apple.product-type.application";
		};
/* End PBXNativeTarget section */

/* Begin PBXProject section */
		A4E9373F27FE3BA0004A3650 /* Project object */ = {
			isa = PBXProject;
			attributes = {
				BuildIndependentTargetsInParallel = 1;
				LastSwiftUpdateCheck = 1320;
				LastUpgradeCheck = 1320;
				TargetAttributes = {
					A4E9374627FE3BA0004A3650 = {
						CreatedOnToolsVersion = 13.2.1;
					};
				};
			};
			buildConfigurationList = A4E9374227FE3BA0004A3650 /* Build configuration list for PBXProject "NeumorphTest" */;
			compatibilityVersion = "Xcode 13.0";
			developmentRegion = en;
			hasScannedForEncodings = 0;
			knownRegions = (
				en,
				Base,
			);
			mainGroup = A4E9373E27FE3BA0004A3650;
			productRefGroup = A4E9374827FE3BA0004A3650 /* Products */;
			projectDirPath = "";
			projectRoot = "";
			targets = (
				A4E9374627FE3BA0004A3650 /* NeumorphTest */,
			);
		};
/* End PBXProject section */

/* Begin PBXResourcesBuildPhase section */
		A4E9374527FE3BA0004A3650 /* Resources */ = {
			isa = PBXResourcesBuildPhase;
			buildActionMask = 2147483647;
			files = (
				A4E9375227FE3BA1004A3650 /* Preview Assets.xcassets in Resources */,
				A4E9374F27FE3BA1004A3650 /* Assets.xcassets in Resources */,
			);
			runOnlyForDeploymentPostprocessing = 0;
		};
/* End PBXResourcesBuildPhase section */

/* Begin PBXSourcesBuildPhase section */
		A4E9374327FE3BA0004A3650 /* Sources */ = {
			isa = PBXSourcesBuildPhase;
			buildActionMask = 2147483647;
			files = (
				A498B3C92816066E00038BE9 /* CustomButtonStyles.swift in Sources */,
				A498B3C42816010A00038BE9 /* NotPressedButtonView.swift in Sources */,
				A498B3C22815FB1700038BE9 /* Exercises.swift in Sources */,
				A458AA8D28173C3E00618405 /* ChooseExercisesButton.swift in Sources */,
				A498B3C02815F75D00038BE9 /* Exercise.swift in Sources */,
				A4F2F657280CAE7B00061441 /* ExerciseButton.swift in Sources */,
				A4E9374D27FE3BA0004A3650 /* ContentView.swift in Sources */,
				A4E9374B27FE3BA0004A3650 /* NeumorphTestApp.swift in Sources */,
				A4DE42D02816E5A700F4D4DC /* ChooseExercisesGroupView.swift in Sources */,
				A498B3C7281603C200038BE9 /* PressedButtonView.swift in Sources */,
			);
			runOnlyForDeploymentPostprocessing = 0;
		};
/* End PBXSourcesBuildPhase section */

/* Begin XCBuildConfiguration section */
		A4E9375327FE3BA1004A3650 /* Debug */ = {
			isa = XCBuildConfiguration;
			buildSettings = {
				ALWAYS_SEARCH_USER_PATHS = NO;
				CLANG_ANALYZER_NONNULL = YES;
				CLANG_ANALYZER_NUMBER_OBJECT_CONVERSION = YES_AGGRESSIVE;
				CLANG_CXX_LANGUAGE_STANDARD = "gnu++17";
				CLANG_CXX_LIBRARY = "libc++";
				CLANG_ENABLE_MODULES = YES;
				CLANG_ENABLE_OBJC_ARC = YES;
				CLANG_ENABLE_OBJC_WEAK = YES;
				CLANG_WARN_BLOCK_CAPTURE_AUTORELEASING = YES;
				CLANG_WARN_BOOL_CONVERSION = YES;
				CLANG_WARN_COMMA = YES;
				CLANG_WARN_CONSTANT_CONVERSION = YES;
				CLANG_WARN_DEPRECATED_OBJC_IMPLEMENTATIONS = YES;
				CLANG_WARN_DIRECT_OBJC_ISA_USAGE = YES_ERROR;
				CLANG_WARN_DOCUMENTATION_COMMENTS = YES;
				CLANG_WARN_EMPTY_BODY = YES;
				CLANG_WARN_ENUM_CONVERSION = YES;
				CLANG_WARN_INFINITE_RECURSION = YES;
				CLANG_WARN_INT_CONVERSION = YES;
				CLANG_WARN_NON_LITERAL_NULL_CONVERSION = YES;
				CLANG_WARN_OBJC_IMPLICIT_RETAIN_SELF = YES;
				CLANG_WARN_OBJC_LITERAL_CONVERSION = YES;
				CLANG_WARN_OBJC_ROOT_CLASS = YES_ERROR;
				CLANG_WARN_QUOTED_INCLUDE_IN_FRAMEWORK_HEADER = YES;
				CLANG_WARN_RANGE_LOOP_ANALYSIS = YES;
				CLANG_WARN_STRICT_PROTOTYPES = YES;
				CLANG_WARN_SUSPICIOUS_MOVE = YES;
				CLANG_WARN_UNGUARDED_AVAILABILITY = YES_AGGRESSIVE;
				CLANG_WARN_UNREACHABLE_CODE = YES;
				CLANG_WARN__DUPLICATE_METHOD_MATCH = YES;
				COPY_PHASE_STRIP = NO;
				DEBUG_INFORMATION_FORMAT = dwarf;
				ENABLE_STRICT_OBJC_MSGSEND = YES;
				ENABLE_TESTABILITY = YES;
				GCC_C_LANGUAGE_STANDARD = gnu11;
				GCC_DYNAMIC_NO_PIC = NO;
				GCC_NO_COMMON_BLOCKS = YES;
				GCC_OPTIMIZATION_LEVEL = 0;
				GCC_PREPROCESSOR_DEFINITIONS = (
					"DEBUG=1",
					"$(inherited)",
				);
				GCC_WARN_64_TO_32_BIT_CONVERSION = YES;
				GCC_WARN_ABOUT_RETURN_TYPE = YES_ERROR;
				GCC_WARN_UNDECLARED_SELECTOR = YES;
				GCC_WARN_UNINITIALIZED_AUTOS = YES_AGGRESSIVE;
				GCC_WARN_UNUSED_FUNCTION = YES;
				GCC_WARN_UNUSED_VARIABLE = YES;
				IPHONEOS_DEPLOYMENT_TARGET = 15.2;
				MTL_ENABLE_DEBUG_INFO = INCLUDE_SOURCE;
				MTL_FAST_MATH = YES;
				ONLY_ACTIVE_ARCH = YES;
				SDKROOT = iphoneos;
				SWIFT_ACTIVE_COMPILATION_CONDITIONS = DEBUG;
				SWIFT_OPTIMIZATION_LEVEL = "-Onone";
			};
			name = Debug;
		};
		A4E9375427FE3BA1004A3650 /* Release */ = {
			isa = XCBuildConfiguration;
			buildSettings = {
				ALWAYS_SEARCH_USER_PATHS = NO;
				CLANG_ANALYZER_NONNULL = YES;
				CLANG_ANALYZER_NUMBER_OBJECT_CONVERSION = YES_AGGRESSIVE;
				CLANG_CXX_LANGUAGE_STANDARD = "gnu++17";
				CLANG_CXX_LIBRARY = "libc++";
				CLANG_ENABLE_MODULES = YES;
				CLANG_ENABLE_OBJC_ARC = YES;
				CLANG_ENABLE_OBJC_WEAK = YES;
				CLANG_WARN_BLOCK_CAPTURE_AUTORELEASING = YES;
				CLANG_WARN_BOOL_CONVERSION = YES;
				CLANG_WARN_COMMA = YES;
				CLANG_WARN_CONSTANT_CONVERSION = YES;
				CLANG_WARN_DEPRECATED_OBJC_IMPLEMENTATIONS = YES;
				CLANG_WARN_DIRECT_OBJC_ISA_USAGE = YES_ERROR;
				CLANG_WARN_DOCUMENTATION_COMMENTS = YES;
				CLANG_WARN_EMPTY_BODY = YES;
				CLANG_WARN_ENUM_CONVERSION = YES;
				CLANG_WARN_INFINITE_RECURSION = YES;
				CLANG_WARN_INT_CONVERSION = YES;
				CLANG_WARN_NON_LITERAL_NULL_CONVERSION = YES;
				CLANG_WARN_OBJC_IMPLICIT_RETAIN_SELF = YES;
				CLANG_WARN_OBJC_LITERAL_CONVERSION = YES;
				CLANG_WARN_OBJC_ROOT_CLASS = YES_ERROR;
				CLANG_WARN_QUOTED_INCLUDE_IN_FRAMEWORK_HEADER = YES;
				CLANG_WARN_RANGE_LOOP_ANALYSIS = YES;
				CLANG_WARN_STRICT_PROTOTYPES = YES;
				CLANG_WARN_SUSPICIOUS_MOVE = YES;
				CLANG_WARN_UNGUARDED_AVAILABILITY = YES_AGGRESSIVE;
				CLANG_WARN_UNREACHABLE_CODE = YES;
				CLANG_WARN__DUPLICATE_METHOD_MATCH = YES;
				COPY_PHASE_STRIP = NO;
				DEBUG_INFORMATION_FORMAT = "dwarf-with-dsym";
				ENABLE_NS_ASSERTIONS = NO;
				ENABLE_STRICT_OBJC_MSGSEND = YES;
				GCC_C_LANGUAGE_STANDARD = gnu11;
				GCC_NO_COMMON_BLOCKS = YES;
				GCC_WARN_64_TO_32_BIT_CONVERSION = YES;
				GCC_WARN_ABOUT_RETURN_TYPE = YES_ERROR;
				GCC_WARN_UNDECLARED_SELECTOR = YES;
				GCC_WARN_UNINITIALIZED_AUTOS = YES_AGGRESSIVE;
				GCC_WARN_UNUSED_FUNCTION = YES;
				GCC_WARN_UNUSED_VARIABLE = YES;
				IPHONEOS_DEPLOYMENT_TARGET = 15.2;
				MTL_ENABLE_DEBUG_INFO = NO;
				MTL_FAST_MATH = YES;
				SDKROOT = iphoneos;
				SWIFT_COMPILATION_MODE = wholemodule;
				SWIFT_OPTIMIZATION_LEVEL = "-O";
				VALIDATE_PRODUCT = YES;
			};
			name = Release;
		};
		A4E9375627FE3BA1004A3650 /* Debug */ = {
			isa = XCBuildConfiguration;
			buildSettings = {
				ASSETCATALOG_COMPILER_APPICON_NAME = AppIcon;
				ASSETCATALOG_COMPILER_GLOBAL_ACCENT_COLOR_NAME = AccentColor;
				CODE_SIGN_STYLE = Automatic;
				CURRENT_PROJECT_VERSION = 1;
				DEVELOPMENT_ASSET_PATHS = "\"NeumorphTest/Preview Content\"";
				DEVELOPMENT_TEAM = QK4FM8H5KR;
				ENABLE_PREVIEWS = YES;
				GENERATE_INFOPLIST_FILE = YES;
				INFOPLIST_KEY_UIApplicationSceneManifest_Generation = YES;
				INFOPLIST_KEY_UIApplicationSupportsIndirectInputEvents = YES;
				INFOPLIST_KEY_UILaunchScreen_Generation = YES;
				INFOPLIST_KEY_UISupportedInterfaceOrientations_iPad = "UIInterfaceOrientationPortrait UIInterfaceOrientationPortraitUpsideDown UIInterfaceOrientationLandscapeLeft UIInterfaceOrientationLandscapeRight";
				INFOPLIST_KEY_UISupportedInterfaceOrientations_iPhone = "UIInterfaceOrientationPortrait UIInterfaceOrientationLandscapeLeft UIInterfaceOrientationLandscapeRight";
				LD_RUNPATH_SEARCH_PATHS = (
					"$(inherited)",
					"@executable_path/Frameworks",
				);
				MARKETING_VERSION = 1.0;
				PRODUCT_BUNDLE_IDENTIFIER = None.NeumorphTest;
				PRODUCT_NAME = "$(TARGET_NAME)";
				SWIFT_EMIT_LOC_STRINGS = YES;
				SWIFT_VERSION = 5.0;
				TARGETED_DEVICE_FAMILY = "1,2";
			};
			name = Debug;
		};
		A4E9375727FE3BA1004A3650 /* Release */ = {
			isa = XCBuildConfiguration;
			buildSettings = {
				ASSETCATALOG_COMPILER_APPICON_NAME = AppIcon;
				ASSETCATALOG_COMPILER_GLOBAL_ACCENT_COLOR_NAME = AccentColor;
				CODE_SIGN_STYLE = Automatic;
				CURRENT_PROJECT_VERSION = 1;
				DEVELOPMENT_ASSET_PATHS = "\"NeumorphTest/Preview Content\"";
				DEVELOPMENT_TEAM = QK4FM8H5KR;
				ENABLE_PREVIEWS = YES;
				GENERATE_INFOPLIST_FILE = YES;
				INFOPLIST_KEY_UIApplicationSceneManifest_Generation = YES;
				INFOPLIST_KEY_UIApplicationSupportsIndirectInputEvents = YES;
				INFOPLIST_KEY_UILaunchScreen_Generation = YES;
				INFOPLIST_KEY_UISupportedInterfaceOrientations_iPad = "UIInterfaceOrientationPortrait UIInterfaceOrientationPortraitUpsideDown UIInterfaceOrientationLandscapeLeft UIInterfaceOrientationLandscapeRight";
				INFOPLIST_KEY_UISupportedInterfaceOrientations_iPhone = "UIInterfaceOrientationPortrait UIInterfaceOrientationLandscapeLeft UIInterfaceOrientationLandscapeRight";
				LD_RUNPATH_SEARCH_PATHS = (
					"$(inherited)",
					"@executable_path/Frameworks",
				);
				MARKETING_VERSION = 1.0;
				PRODUCT_BUNDLE_IDENTIFIER = None.NeumorphTest;
				PRODUCT_NAME = "$(TARGET_NAME)";
				SWIFT_EMIT_LOC_STRINGS = YES;
				SWIFT_VERSION = 5.0;
				TARGETED_DEVICE_FAMILY = "1,2";
			};
			name = Release;
		};
/* End XCBuildConfiguration section */

/* Begin XCConfigurationList section */
		A4E9374227FE3BA0004A3650 /* Build configuration list for PBXProject "NeumorphTest" */ = {
			isa = XCConfigurationList;
			buildConfigurations = (
				A4E9375327FE3BA1004A3650 /* Debug */,
				A4E9375427FE3BA1004A3650 /* Release */,
			);
			defaultConfigurationIsVisible = 0;
			defaultConfigurationName = Release;
		};
		A4E9375527FE3BA1004A3650 /* Build configuration list for PBXNativeTarget "NeumorphTest" */ = {
			isa = XCConfigurationList;
			buildConfigurations = (
				A4E9375627FE3BA1004A3650 /* Debug */,
				A4E9375727FE3BA1004A3650 /* Release */,
			);
			defaultConfigurationIsVisible = 0;
			defaultConfigurationName = Release;
		};
/* End XCConfigurationList section */
	};
	rootObject = A4E9373F27FE3BA0004A3650 /* Project object */;
}
